github.com/go-gl/gl v0.0.0-20160814231129-b303bcb3e83b h1:E/uPHkl2i2OoZQweMbV4cpSkg1/DUWcx3xj270pTR9c=
github.com/go-gl/gl v0.0.0-20160814231129-b303bcb3e83b/go.mod h1:482civXOzJJCPzJ4ZOX/pwvXBWSnzD4OKMdH4ClKGbk=
github.com/go-gl/gl v0.0.0-20180407155706-68e253793080 h1:pNxZva3052YM+z2p1aP08FgaTE2NzrRJZ5BHJCmKLzE=
github.com/go-gl/gl v0.0.0-20180407155706-68e253793080/go.mod h1:482civXOzJJCPzJ4ZOX/pwvXBWSnzD4OKMdH4ClKGbk=
github.com/go-gl/glfw v0.0.0-20170402024526-4ac11c9fc374 h1:lCXqdkOFk1d4u+qbDSDvHAqewI+Kb74nrRWtIuTxWvM=
github.com/go-gl/glfw v0.0.0-20170402024526-4ac11c9fc374/go.mod h1:vR7hzQXu2zJy9AVAgeJqvqgH9Q5CA+iKCZ2gyEVpxRU=
github.com/go-gl/glfw v0.0.0-20180813204114-2484f3e51bc4 h1:4gBr8toVw4vfazzm1MpqiTd7ODKRRevdMEDO2yNggOk=
github.com/go-gl/glfw v0.0.0-20180813204114-2484f3e51bc4/go.mod h1:vR7hzQXu2zJy9AVAgeJqvqgH9Q5CA+iKCZ2gyEVpxRU=
github.com/lukevers/glu v0.0.0-20150512234052-f41f378fc8c1 h1:m1wUPqN5uBh2XpLOlI4hyhqYHzCFoRt3HcWle+Y23ng=
github.com/lukevers/glu v0.0.0-20150512234052-f41f378fc8c1/go.mod h1:V+sligPhY85+PfBcVwgJ1+XCkJS/rG5ZtF0o/W0N9aU=
github.com/peterhellberg/wavefront v0.0.0-20150709221645-3dce7c0fdfb4 h1:YiBaZSrWvuZ+VqEdVqyl+jmpfiPaSE75kAEATz49tmE=
github.com/peterhellberg/wavefront v0.0.0-20150709221645-3dce7c0fdfb4/go.mod h1:9Z3h0pMaG28qxFA+ywVlV/wDWPdtHebYFwU+rfO+/L8=
github.com/pkg/errors v0.0.0-20170316201538-ff09b135c25a h1:wJ8mL5Lj13kTUhKlQitC4+gqMyiuy+2anApUMuvfLq0=
github.com/pkg/errors v0.0.0-20170316201538-ff09b135c25a/go.mod h1:bwawxfHBFNV+L2hUp1rHADufV3IMtnDRdf1r5NINEl0=
github.com/pkg/errors v0.8.0 h1:WdK/asTD0HN+q6hsWO3/vpuAkAr+tw6aNJNDFFf0+qw=
github.com/pkg/errors v0.8.0/go.mod h1:bwawxfHBFNV+L2hUp1rHADufV3IMtnDRdf1r5NINEl0=
github.com/veandco/go-sdl2 v0.0.0-20170320123216-424dfac35026 h1:BKk3BA3J3ZHRblmZV3qqEiqu1jKCjIop3F5kxFqcRoQ=
github.com/veandco/go-sdl2 v0.0.0-20170320123216-424dfac35026/go.mod h1:FB+kTpX9YTE+urhYiClnRzpOXbiWgaU3+5F2AB78DPg=
github.com/veandco/go-sdl2 v0.0.0-20180829032219-8556b156f71d h1:CGQDccl/20XALPxNfzxKQcK2ZZFPUnQ7U/VbDN/KMBM=
github.com/veandco/go-sdl2 v0.0.0-20180829032219-8556b156f71d/go.mod h1:FB+kTpX9YTE+urhYiClnRzpOXbiWgaU3+5F2AB78DPg=
